
Microsoft Visual Studio Solution File, Format Version 12.00
# Visual Studio Version 17
VisualStudioVersion = 17.9.34622.214
MinimumVisualStudioVersion = 10.0.40219.1
Project("{FAE04EC0-301F-11D3-BF4B-00C04F79EFBC}") = "EmployeeBlazorSample", "EmployeeBlazorSample\EmployeeBlazorSample.csproj", "{02A2536C-6FFC-4D9B-888F-8B378A894203}"
EndProject
Global
	GlobalSection(SolutionConfigurationPlatforms) = preSolution
		Debug|Any CPU = Debug|Any CPU
		Release|Any CPU = Release|Any CPU
	EndGlobalSection
	GlobalSection(ProjectConfigurationPlatforms) = postSolution
		{02A2536C-6FFC-4D9B-888F-8B378A894203}.Debug|Any CPU.ActiveCfg = Debug|Any CPU
		{02A2536C-6FFC-4D9B-888F-8B378A894203}.Debug|Any CPU.Build.0 = Debug|Any CPU
		{02A2536C-6FFC-4D9B-888F-8B378A894203}.Release|Any CPU.ActiveCfg = Release|Any CPU
		{02A2536C-6FFC-4D9B-888F-8B378A894203}.Release|Any CPU.Build.0 = Release|Any CPU
	EndGlobalSection
	GlobalSection(SolutionProperties) = preSolution
		HideSolutionNode = FALSE
	EndGlobalSection
	GlobalSection(ExtensibilityGlobals) = postSolution
		SolutionGuid = {A1CE4558-4BF5-45F5-8707-AC167C581581}
	EndGlobalSection
EndGlobal
